
Microsoft Visual Studio Solution File, Format Version 12.00
# Visual Studio Version 17
VisualStudioVersion = 17.11.35303.130
MinimumVisualStudioVersion = 10.0.40219.1
Project("{FAE04EC0-301F-11D3-BF4B-00C04F79EFBC}") = "EngineTool", "EngineTool.csproj", "{68C75548-5F45-492A-B225-CD293526482A}"
EndProject
Project("{FAE04EC0-301F-11D3-BF4B-00C04F79EFBC}") = "TerrainData", "..\TerrainData\TerrainData.csproj", "{57770E63-FF0E-4C3D-A8CD-316A2BB81011}"
EndProject
Global
	GlobalSection(SolutionConfigurationPlatforms) = preSolution
		Debug|Any CPU = Debug|Any CPU
		Release|Any CPU = Release|Any CPU
	EndGlobalSection
	GlobalSection(ProjectConfigurationPlatforms) = postSolution
		{68C75548-5F45-492A-B225-CD293526482A}.Debug|Any CPU.ActiveCfg = Debug|Any CPU
		{68C75548-5F45-492A-B225-CD293526482A}.Debug|Any CPU.Build.0 = Debug|Any CPU
		{68C75548-5F45-492A-B225-CD293526482A}.Release|Any CPU.ActiveCfg = Release|Any CPU
		{68C75548-5F45-492A-B225-CD293526482A}.Release|Any CPU.Build.0 = Release|Any CPU
		{57770E63-FF0E-4C3D-A8CD-316A2BB81011}.Debug|Any CPU.ActiveCfg = Debug|Any CPU
		{57770E63-FF0E-4C3D-A8CD-316A2BB81011}.Debug|Any CPU.Build.0 = Debug|Any CPU
		{57770E63-FF0E-4C3D-A8CD-316A2BB81011}.Release|Any CPU.ActiveCfg = Release|Any CPU
		{57770E63-FF0E-4C3D-A8CD-316A2BB81011}.Release|Any CPU.Build.0 = Release|Any CPU
	EndGlobalSection
	GlobalSection(SolutionProperties) = preSolution
		HideSolutionNode = FALSE
	EndGlobalSection
	GlobalSection(ExtensibilityGlobals) = postSolution
		SolutionGuid = {96356BE7-4A16-4A17-8220-6DCFE474EE4B}
	EndGlobalSection
EndGlobal
